# Generated by scripts/write_requirements_lock.py; do not edit by hand.
# Resolved in Docker image: python@sha256:d764629ce0ddd8c71fd371e9901efb324a95789d2315a47db7e4d27e78f1b0e9
# Install with: python -m pip install --require-hashes -r <this-file>

asgiref==3.11.1 \
    --hash=sha256:e8667a091e69529631969fd45dc268fa79b99c92c5fcdda727757e52146ec133
Django==6.0.6 \
    --hash=sha256:25148b1194c47c2e685e5f5e9c5d59c78b075dfd282cb9618861ba6c1708f4d2
gunicorn==26.0.0 \
    --hash=sha256:40233d26a5f0d1872916188c276e21641155111c2853f0c2cd55260aec0d24fc
packaging==26.2 \
    --hash=sha256:5fc45236b9446107ff2415ce77c807cee2862cb6fac22b8a73826d0693b0980e
psycopg==3.3.4 \
    --hash=sha256:b6bbc25ccf05c8fad3b061d9db2ef0909a555171b84b07f29458a447253d679a
psycopg-binary==3.3.4 \
    --hash=sha256:e7510c37550f91a187e3660a8cc50d4b760f8c3b8b2f89ebc5698cd2c7f2c85d
sqlparse==0.5.5 \
    --hash=sha256:12a08b3bf3eec877c519589833aed092e2444e68240a3577e8e26148acc7b1ba
typing_extensions==4.15.0 \
    --hash=sha256:f0fa19c6845758ab08074a0cfa8b7aecb71c999ca73d62883bc25cc018c4e548
